
Microsoft Visual Studio Solution File, Format Version 12.00
# Visual Studio Version 16
VisualStudioVersion = 16.0.30804.86
MinimumVisualStudioVersion = 10.0.40219.1
Project("{9A19103F-16F7-4668-BE54-9A1E7A4F7556}") = "iKnow.Web", "iKnow.Web\iKnow.Web.csproj", "{59B625EA-DB49-4BC6-B33A-17D7F310126D}"
EndProject
Project("{9A19103F-16F7-4668-BE54-9A1E7A4F7556}") = "iKnow.BLL", "iKnow.BLL\iKnow.BLL.csproj", "{3ACFB1F5-C8C7-448E-A60C-6CB3B08BAEF5}"
EndProject
Project("{9A19103F-16F7-4668-BE54-9A1E7A4F7556}") = "iKnow.DAL", "iKnow.DAL\iKnow.DAL.csproj", "{D0618BCE-BCAD-420B-A5AC-0B939A8CDE90}"
EndProject
Project("{9A19103F-16F7-4668-BE54-9A1E7A4F7556}") = "iKnow.Tests", "iKnow.Tests\iKnow.Tests.csproj", "{2A57353F-4DCA-4CD5-8587-F924DB3B4198}"
EndProject
Global
	GlobalSection(SolutionConfigurationPlatforms) = preSolution
		Debug|Any CPU = Debug|Any CPU
		Release|Any CPU = Release|Any CPU
	EndGlobalSection
	GlobalSection(ProjectConfigurationPlatforms) = postSolution
		{59B625EA-DB49-4BC6-B33A-17D7F310126D}.Debug|Any CPU.ActiveCfg = Debug|Any CPU
		{59B625EA-DB49-4BC6-B33A-17D7F310126D}.Debug|Any CPU.Build.0 = Debug|Any CPU
		{59B625EA-DB49-4BC6-B33A-17D7F310126D}.Release|Any CPU.ActiveCfg = Release|Any CPU
		{59B625EA-DB49-4BC6-B33A-17D7F310126D}.Release|Any CPU.Build.0 = Release|Any CPU
		{3ACFB1F5-C8C7-448E-A60C-6CB3B08BAEF5}.Debug|Any CPU.ActiveCfg = Debug|Any CPU
		{3ACFB1F5-C8C7-448E-A60C-6CB3B08BAEF5}.Debug|Any CPU.Build.0 = Debug|Any CPU
		{3ACFB1F5-C8C7-448E-A60C-6CB3B08BAEF5}.Release|Any CPU.ActiveCfg = Release|Any CPU
		{3ACFB1F5-C8C7-448E-A60C-6CB3B08BAEF5}.Release|Any CPU.Build.0 = Release|Any CPU
		{D0618BCE-BCAD-420B-A5AC-0B939A8CDE90}.Debug|Any CPU.ActiveCfg = Debug|Any CPU
		{D0618BCE-BCAD-420B-A5AC-0B939A8CDE90}.Debug|Any CPU.Build.0 = Debug|Any CPU
		{D0618BCE-BCAD-420B-A5AC-0B939A8CDE90}.Release|Any CPU.ActiveCfg = Release|Any CPU
		{D0618BCE-BCAD-420B-A5AC-0B939A8CDE90}.Release|Any CPU.Build.0 = Release|Any CPU
		{2A57353F-4DCA-4CD5-8587-F924DB3B4198}.Debug|Any CPU.ActiveCfg = Debug|Any CPU
		{2A57353F-4DCA-4CD5-8587-F924DB3B4198}.Debug|Any CPU.Build.0 = Debug|Any CPU
		{2A57353F-4DCA-4CD5-8587-F924DB3B4198}.Release|Any CPU.ActiveCfg = Release|Any CPU
		{2A57353F-4DCA-4CD5-8587-F924DB3B4198}.Release|Any CPU.Build.0 = Release|Any CPU
	EndGlobalSection
	GlobalSection(SolutionProperties) = preSolution
		HideSolutionNode = FALSE
	EndGlobalSection
	GlobalSection(ExtensibilityGlobals) = postSolution
		SolutionGuid = {0ED08B3F-6FE2-4B5F-B658-5C746A7EA2D4}
	EndGlobalSection
EndGlobal
