
Microsoft Visual Studio Solution File, Format Version 12.00
# Visual Studio Version 16
VisualStudioVersion = 16.0.30804.86
MinimumVisualStudioVersion = 10.0.40219.1
Project("{FAE04EC0-301F-11D3-BF4B-00C04F79EFBC}") = "iKnow", "iKnow.csproj", "{59B625EA-DB49-4BC6-B33A-17D7F310126D}"
EndProject
Global
	GlobalSection(SolutionConfigurationPlatforms) = preSolution
		Debug|Any CPU = Debug|Any CPU
		Release|Any CPU = Release|Any CPU
	EndGlobalSection
	GlobalSection(ProjectConfigurationPlatforms) = postSolution
		{59B625EA-DB49-4BC6-B33A-17D7F310126D}.Debug|Any CPU.ActiveCfg = Debug|Any CPU
		{59B625EA-DB49-4BC6-B33A-17D7F310126D}.Debug|Any CPU.Build.0 = Debug|Any CPU
		{59B625EA-DB49-4BC6-B33A-17D7F310126D}.Release|Any CPU.ActiveCfg = Release|Any CPU
		{59B625EA-DB49-4BC6-B33A-17D7F310126D}.Release|Any CPU.Build.0 = Release|Any CPU
	EndGlobalSection
	GlobalSection(SolutionProperties) = preSolution
		HideSolutionNode = FALSE
	EndGlobalSection
	GlobalSection(ExtensibilityGlobals) = postSolution
		SolutionGuid = {0ED08B3F-6FE2-4B5F-B658-5C746A7EA2D4}
	EndGlobalSection
EndGlobal
